
Microsoft Visual Studio Solution File, Format Version 12.00
# Visual Studio Version 16
VisualStudioVersion = 16.0.30804.86
MinimumVisualStudioVersion = 10.0.40219.1
Project("{2150E333-8FDC-42A3-9474-1A3956D46DE8}") = "OAuth2", "OAuth2", "{3E3F380D-0DD4-4925-885C-1E52FE571719}"
EndProject
Project("{2150E333-8FDC-42A3-9474-1A3956D46DE8}") = "IdentityServer4", "IdentityServer4", "{34BA9C3B-95E5-4E7B-A375-7E2BC946698B}"
EndProject
Project("{2150E333-8FDC-42A3-9474-1A3956D46DE8}") = "src", "src", "{B7E7D4AF-02BC-4B96-A5AB-CB1498481D46}"
EndProject
Project("{9A19103F-16F7-4668-BE54-9A1E7A4F7556}") = "IdentityServer", "IdentityServer\IdentityServer.csproj", "{7C45343D-0EF0-422B-8752-116D42B675D8}"
EndProject
Project("{9A19103F-16F7-4668-BE54-9A1E7A4F7556}") = "MvcClient", "MvcClient\MvcClient.csproj", "{0229E574-B77F-4F8F-835F-4F8479684F24}"
EndProject
Project("{9A19103F-16F7-4668-BE54-9A1E7A4F7556}") = "Api", "Api\Api.csproj", "{DBE5EC16-C881-4261-8F13-E27BFCEE60E0}"
EndProject
Project("{9A19103F-16F7-4668-BE54-9A1E7A4F7556}") = "Client", "Client\Client.csproj", "{92E4B321-EE45-4046-98DC-73A34B8B2FF0}"
EndProject
Project("{9A19103F-16F7-4668-BE54-9A1E7A4F7556}") = "Server", "Server\Server.csproj", "{75EAE37D-2868-49AD-B2FE-300A0352FB1C}"
EndProject
Project("{2150E333-8FDC-42A3-9474-1A3956D46DE8}") = "Others", "Others", "{EC4230FE-3C40-4EF1-82AC-71DCEA6918C1}"
EndProject
Project("{9A19103F-16F7-4668-BE54-9A1E7A4F7556}") = "GitHub", "GitHub\GitHub.csproj", "{09016850-BEAA-4239-9D23-7E1DDD6A58E6}"
EndProject
Project("{9A19103F-16F7-4668-BE54-9A1E7A4F7556}") = "OAuth2.Extension", "OAuth2.Extension\OAuth2.Extension.csproj", "{AFF1EF05-8D46-4B31-B540-4967B9E36DBD}"
EndProject
Project("{2150E333-8FDC-42A3-9474-1A3956D46DE8}") = "SSO", "SSO", "{1B7CEF3F-48DF-430D-915F-3DC207A36A35}"
EndProject
Project("{FAE04EC0-301F-11D3-BF4B-00C04F79EFBC}") = "SSO.Server", "SSO\SSO.Server\SSO.Server.csproj", "{83BE0475-E788-4E0F-B61D-B193F55B15D0}"
EndProject
Project("{FAE04EC0-301F-11D3-BF4B-00C04F79EFBC}") = "SSO.Client", "SSO\SSO.Client\SSO.Client.csproj", "{C24C3656-8266-4322-A40F-332DC219FB43}"
EndProject
Global
	GlobalSection(SolutionConfigurationPlatforms) = preSolution
		Debug|Any CPU = Debug|Any CPU
		Release|Any CPU = Release|Any CPU
	EndGlobalSection
	GlobalSection(ProjectConfigurationPlatforms) = postSolution
		{7C45343D-0EF0-422B-8752-116D42B675D8}.Debug|Any CPU.ActiveCfg = Debug|Any CPU
		{7C45343D-0EF0-422B-8752-116D42B675D8}.Debug|Any CPU.Build.0 = Debug|Any CPU
		{7C45343D-0EF0-422B-8752-116D42B675D8}.Release|Any CPU.ActiveCfg = Release|Any CPU
		{7C45343D-0EF0-422B-8752-116D42B675D8}.Release|Any CPU.Build.0 = Release|Any CPU
		{0229E574-B77F-4F8F-835F-4F8479684F24}.Debug|Any CPU.ActiveCfg = Debug|Any CPU
		{0229E574-B77F-4F8F-835F-4F8479684F24}.Debug|Any CPU.Build.0 = Debug|Any CPU
		{0229E574-B77F-4F8F-835F-4F8479684F24}.Release|Any CPU.ActiveCfg = Release|Any CPU
		{0229E574-B77F-4F8F-835F-4F8479684F24}.Release|Any CPU.Build.0 = Release|Any CPU
		{DBE5EC16-C881-4261-8F13-E27BFCEE60E0}.Debug|Any CPU.ActiveCfg = Debug|Any CPU
		{DBE5EC16-C881-4261-8F13-E27BFCEE60E0}.Debug|Any CPU.Build.0 = Debug|Any CPU
		{DBE5EC16-C881-4261-8F13-E27BFCEE60E0}.Release|Any CPU.ActiveCfg = Release|Any CPU
		{DBE5EC16-C881-4261-8F13-E27BFCEE60E0}.Release|Any CPU.Build.0 = Release|Any CPU
		{92E4B321-EE45-4046-98DC-73A34B8B2FF0}.Debug|Any CPU.ActiveCfg = Debug|Any CPU
		{92E4B321-EE45-4046-98DC-73A34B8B2FF0}.Debug|Any CPU.Build.0 = Debug|Any CPU
		{92E4B321-EE45-4046-98DC-73A34B8B2FF0}.Release|Any CPU.ActiveCfg = Release|Any CPU
		{92E4B321-EE45-4046-98DC-73A34B8B2FF0}.Release|Any CPU.Build.0 = Release|Any CPU
		{75EAE37D-2868-49AD-B2FE-300A0352FB1C}.Debug|Any CPU.ActiveCfg = Debug|Any CPU
		{75EAE37D-2868-49AD-B2FE-300A0352FB1C}.Debug|Any CPU.Build.0 = Debug|Any CPU
		{75EAE37D-2868-49AD-B2FE-300A0352FB1C}.Release|Any CPU.ActiveCfg = Release|Any CPU
		{75EAE37D-2868-49AD-B2FE-300A0352FB1C}.Release|Any CPU.Build.0 = Release|Any CPU
		{09016850-BEAA-4239-9D23-7E1DDD6A58E6}.Debug|Any CPU.ActiveCfg = Debug|Any CPU
		{09016850-BEAA-4239-9D23-7E1DDD6A58E6}.Debug|Any CPU.Build.0 = Debug|Any CPU
		{09016850-BEAA-4239-9D23-7E1DDD6A58E6}.Release|Any CPU.ActiveCfg = Release|Any CPU
		{09016850-BEAA-4239-9D23-7E1DDD6A58E6}.Release|Any CPU.Build.0 = Release|Any CPU
		{AFF1EF05-8D46-4B31-B540-4967B9E36DBD}.Debug|Any CPU.ActiveCfg = Debug|Any CPU
		{AFF1EF05-8D46-4B31-B540-4967B9E36DBD}.Debug|Any CPU.Build.0 = Debug|Any CPU
		{AFF1EF05-8D46-4B31-B540-4967B9E36DBD}.Release|Any CPU.ActiveCfg = Release|Any CPU
		{AFF1EF05-8D46-4B31-B540-4967B9E36DBD}.Release|Any CPU.Build.0 = Release|Any CPU
		{83BE0475-E788-4E0F-B61D-B193F55B15D0}.Debug|Any CPU.ActiveCfg = Debug|Any CPU
		{83BE0475-E788-4E0F-B61D-B193F55B15D0}.Debug|Any CPU.Build.0 = Debug|Any CPU
		{83BE0475-E788-4E0F-B61D-B193F55B15D0}.Release|Any CPU.ActiveCfg = Release|Any CPU
		{83BE0475-E788-4E0F-B61D-B193F55B15D0}.Release|Any CPU.Build.0 = Release|Any CPU
		{C24C3656-8266-4322-A40F-332DC219FB43}.Debug|Any CPU.ActiveCfg = Debug|Any CPU
		{C24C3656-8266-4322-A40F-332DC219FB43}.Debug|Any CPU.Build.0 = Debug|Any CPU
		{C24C3656-8266-4322-A40F-332DC219FB43}.Release|Any CPU.ActiveCfg = Release|Any CPU
		{C24C3656-8266-4322-A40F-332DC219FB43}.Release|Any CPU.Build.0 = Release|Any CPU
	EndGlobalSection
	GlobalSection(SolutionProperties) = preSolution
		HideSolutionNode = FALSE
	EndGlobalSection
	GlobalSection(NestedProjects) = preSolution
		{3E3F380D-0DD4-4925-885C-1E52FE571719} = {B7E7D4AF-02BC-4B96-A5AB-CB1498481D46}
		{34BA9C3B-95E5-4E7B-A375-7E2BC946698B} = {B7E7D4AF-02BC-4B96-A5AB-CB1498481D46}
		{7C45343D-0EF0-422B-8752-116D42B675D8} = {34BA9C3B-95E5-4E7B-A375-7E2BC946698B}
		{0229E574-B77F-4F8F-835F-4F8479684F24} = {34BA9C3B-95E5-4E7B-A375-7E2BC946698B}
		{DBE5EC16-C881-4261-8F13-E27BFCEE60E0} = {3E3F380D-0DD4-4925-885C-1E52FE571719}
		{92E4B321-EE45-4046-98DC-73A34B8B2FF0} = {3E3F380D-0DD4-4925-885C-1E52FE571719}
		{75EAE37D-2868-49AD-B2FE-300A0352FB1C} = {3E3F380D-0DD4-4925-885C-1E52FE571719}
		{EC4230FE-3C40-4EF1-82AC-71DCEA6918C1} = {B7E7D4AF-02BC-4B96-A5AB-CB1498481D46}
		{09016850-BEAA-4239-9D23-7E1DDD6A58E6} = {EC4230FE-3C40-4EF1-82AC-71DCEA6918C1}
		{AFF1EF05-8D46-4B31-B540-4967B9E36DBD} = {3E3F380D-0DD4-4925-885C-1E52FE571719}
		{1B7CEF3F-48DF-430D-915F-3DC207A36A35} = {B7E7D4AF-02BC-4B96-A5AB-CB1498481D46}
		{83BE0475-E788-4E0F-B61D-B193F55B15D0} = {1B7CEF3F-48DF-430D-915F-3DC207A36A35}
		{C24C3656-8266-4322-A40F-332DC219FB43} = {1B7CEF3F-48DF-430D-915F-3DC207A36A35}
	EndGlobalSection
	GlobalSection(ExtensibilityGlobals) = postSolution
		SolutionGuid = {FF233F25-C8AE-4367-B96F-067F7F75D63D}
	EndGlobalSection
EndGlobal
